
Microsoft Visual Studio Solution File, Format Version 12.00
# Visual Studio Version 16
VisualStudioVersion = 16.0.30406.217
MinimumVisualStudioVersion = 10.0.40219.1
Project("{888888A0-9F3D-457C-B088-3A5042F75D52}") = "Iot20_DictionaryEtc", "Iot20_DictionaryEtc\Iot20_DictionaryEtc.pyproj", "{7F555F5E-7569-473B-A8AB-6E53DB2C439B}"
EndProject
Global
	GlobalSection(SolutionConfigurationPlatforms) = preSolution
		Debug|Any CPU = Debug|Any CPU
		Release|Any CPU = Release|Any CPU
	EndGlobalSection
	GlobalSection(ProjectConfigurationPlatforms) = postSolution
		{7F555F5E-7569-473B-A8AB-6E53DB2C439B}.Debug|Any CPU.ActiveCfg = Debug|Any CPU
		{7F555F5E-7569-473B-A8AB-6E53DB2C439B}.Release|Any CPU.ActiveCfg = Release|Any CPU
	EndGlobalSection
	GlobalSection(SolutionProperties) = preSolution
		HideSolutionNode = FALSE
	EndGlobalSection
	GlobalSection(ExtensibilityGlobals) = postSolution
		SolutionGuid = {30DBF2B4-6F76-48F6-BD76-4C58BB5C62DC}
	EndGlobalSection
EndGlobal
